
Microsoft Visual Studio Solution File, Format Version 12.00
# Visual Studio Version 16
VisualStudioVersion = 16.0.30517.126
MinimumVisualStudioVersion = 10.0.40219.1
Project("{8BC9CEB8-8B4A-11D0-8D11-00A0C91BC942}") = "Lab_2_if_for", "Lab_2_if_for\Lab_2_if_for.vcxproj", "{6B3BAA53-E8DB-4B8E-929A-D981761AF6A9}"
EndProject
Project("{8BC9CEB8-8B4A-11D0-8D11-00A0C91BC942}") = "Lab_1_DataTypes", "Lab_1_DataTypes\Lab_1_DataTypes.vcxproj", "{ADE8942A-CCBD-438F-8A07-56DA10C3153C}"
EndProject
Project("{8BC9CEB8-8B4A-11D0-8D11-00A0C91BC942}") = "Lab_3.2_Arrays", "Lab_3.2_Arrays\Lab_3.2_Arrays.vcxproj", "{A07E9519-5BC3-4E16-B6D1-ACF64C0EB298}"
EndProject
Project("{8BC9CEB8-8B4A-11D0-8D11-00A0C91BC942}") = "Lab_4.1_String", "Lab_4.1_String\Lab_4.1_String.vcxproj", "{89AB9085-B958-4DB8-AACC-7DDF4DB2A8E4}"
EndProject
Project("{8BC9CEB8-8B4A-11D0-8D11-00A0C91BC942}") = "Lab_3.1_Arrays", "Lab_3.1_Arrays\Lab_3.1_Arrays.vcxproj", "{30FF98E0-EB47-4597-8D73-FF886CA0502E}"
EndProject
Project("{8BC9CEB8-8B4A-11D0-8D11-00A0C91BC942}") = "Lab_4.2_String", "Lab_4.2_String\Lab_4.2_String.vcxproj", "{DA2A8A40-5946-4E40-A8D0-E54E1B8CE8C0}"
EndProject
Project("{8BC9CEB8-8B4A-11D0-8D11-00A0C91BC942}") = "Lab_5_Classes", "Lab_5_Classes\Lab_5_Classes.vcxproj", "{8F32ECD3-374C-43F6-8A21-8C6072500CBF}"
EndProject
Project("{8BC9CEB8-8B4A-11D0-8D11-00A0C91BC942}") = "Lab_6_Stack", "Lab_6_Stack\Lab_6_Stack.vcxproj", "{D0A187A5-B78F-44BA-AE87-3B916F1109E5}"
EndProject
Project("{8BC9CEB8-8B4A-11D0-8D11-00A0C91BC942}") = "Lab_7_Template", "Lab_7_Template\Lab_7_Template.vcxproj", "{470AB21E-D368-4441-901C-993282978858}"
EndProject
Project("{8BC9CEB8-8B4A-11D0-8D11-00A0C91BC942}") = "Lab_6.1_Stack", "Lab_6.1_Stack\Lab_6.1_Stack.vcxproj", "{0C10BF52-4601-4AD7-862E-A0469FC86ACE}"
EndProject
Project("{8BC9CEB8-8B4A-11D0-8D11-00A0C91BC942}") = "Lab_6.2_Deque", "Lab_6.2_Deque\Lab_6.2_Deque.vcxproj", "{BAB10191-5A7C-45C3-BA3E-9B1F5E4F1E13}"
EndProject
Project("{8BC9CEB8-8B4A-11D0-8D11-00A0C91BC942}") = "Lab_6.3_Queue", "Lab_6.3_Queue\Lab_6.3_Queue.vcxproj", "{05CCCF0C-EF3C-4CBB-9750-1F6A3DDBE1F8}"
EndProject
Project("{8BC9CEB8-8B4A-11D0-8D11-00A0C91BC942}") = "Lab_6.4_Set", "Lab_6.4_Set\Lab_6.4_Set.vcxproj", "{A6FE746C-9177-4E86-B162-E7275487F1D6}"
EndProject
Project("{8BC9CEB8-8B4A-11D0-8D11-00A0C91BC942}") = "Lab_6.5_List", "Lab_6.5_List\Lab_6.5_List.vcxproj", "{A1BE5B79-080B-40F6-87CA-88BB78C5B794}"
EndProject
Project("{8BC9CEB8-8B4A-11D0-8D11-00A0C91BC942}") = "Lab_6.6_Map", "Lab_6.6_Map\Lab_6.6_Map.vcxproj", "{30608E73-1786-40E1-9E83-6EF18FBACED9}"
EndProject
Global
	GlobalSection(SolutionConfigurationPlatforms) = preSolution
		Debug|x64 = Debug|x64
		Debug|x86 = Debug|x86
		Release|x64 = Release|x64
		Release|x86 = Release|x86
	EndGlobalSection
	GlobalSection(ProjectConfigurationPlatforms) = postSolution
		{6B3BAA53-E8DB-4B8E-929A-D981761AF6A9}.Debug|x64.ActiveCfg = Debug|x64
		{6B3BAA53-E8DB-4B8E-929A-D981761AF6A9}.Debug|x64.Build.0 = Debug|x64
		{6B3BAA53-E8DB-4B8E-929A-D981761AF6A9}.Debug|x86.ActiveCfg = Debug|Win32
		{6B3BAA53-E8DB-4B8E-929A-D981761AF6A9}.Debug|x86.Build.0 = Debug|Win32
		{6B3BAA53-E8DB-4B8E-929A-D981761AF6A9}.Release|x64.ActiveCfg = Release|x64
		{6B3BAA53-E8DB-4B8E-929A-D981761AF6A9}.Release|x64.Build.0 = Release|x64
		{6B3BAA53-E8DB-4B8E-929A-D981761AF6A9}.Release|x86.ActiveCfg = Release|Win32
		{6B3BAA53-E8DB-4B8E-929A-D981761AF6A9}.Release|x86.Build.0 = Release|Win32
		{ADE8942A-CCBD-438F-8A07-56DA10C3153C}.Debug|x64.ActiveCfg = Debug|x64
		{ADE8942A-CCBD-438F-8A07-56DA10C3153C}.Debug|x64.Build.0 = Debug|x64
		{ADE8942A-CCBD-438F-8A07-56DA10C3153C}.Debug|x86.ActiveCfg = Debug|Win32
		{ADE8942A-CCBD-438F-8A07-56DA10C3153C}.Debug|x86.Build.0 = Debug|Win32
		{ADE8942A-CCBD-438F-8A07-56DA10C3153C}.Release|x64.ActiveCfg = Release|x64
		{ADE8942A-CCBD-438F-8A07-56DA10C3153C}.Release|x64.Build.0 = Release|x64
		{ADE8942A-CCBD-438F-8A07-56DA10C3153C}.Release|x86.ActiveCfg = Release|Win32
		{ADE8942A-CCBD-438F-8A07-56DA10C3153C}.Release|x86.Build.0 = Release|Win32
		{A07E9519-5BC3-4E16-B6D1-ACF64C0EB298}.Debug|x64.ActiveCfg = Debug|x64
		{A07E9519-5BC3-4E16-B6D1-ACF64C0EB298}.Debug|x64.Build.0 = Debug|x64
		{A07E9519-5BC3-4E16-B6D1-ACF64C0EB298}.Debug|x86.ActiveCfg = Debug|Win32
		{A07E9519-5BC3-4E16-B6D1-ACF64C0EB298}.Debug|x86.Build.0 = Debug|Win32
		{A07E9519-5BC3-4E16-B6D1-ACF64C0EB298}.Release|x64.ActiveCfg = Release|x64
		{A07E9519-5BC3-4E16-B6D1-ACF64C0EB298}.Release|x64.Build.0 = Release|x64
		{A07E9519-5BC3-4E16-B6D1-ACF64C0EB298}.Release|x86.ActiveCfg = Release|Win32
		{A07E9519-5BC3-4E16-B6D1-ACF64C0EB298}.Release|x86.Build.0 = Release|Win32
		{89AB9085-B958-4DB8-AACC-7DDF4DB2A8E4}.Debug|x64.ActiveCfg = Debug|x64
		{89AB9085-B958-4DB8-AACC-7DDF4DB2A8E4}.Debug|x64.Build.0 = Debug|x64
		{89AB9085-B958-4DB8-AACC-7DDF4DB2A8E4}.Debug|x86.ActiveCfg = Debug|Win32
		{89AB9085-B958-4DB8-AACC-7DDF4DB2A8E4}.Debug|x86.Build.0 = Debug|Win32
		{89AB9085-B958-4DB8-AACC-7DDF4DB2A8E4}.Release|x64.ActiveCfg = Release|x64
		{89AB9085-B958-4DB8-AACC-7DDF4DB2A8E4}.Release|x64.Build.0 = Release|x64
		{89AB9085-B958-4DB8-AACC-7DDF4DB2A8E4}.Release|x86.ActiveCfg = Release|Win32
		{89AB9085-B958-4DB8-AACC-7DDF4DB2A8E4}.Release|x86.Build.0 = Release|Win32
		{30FF98E0-EB47-4597-8D73-FF886CA0502E}.Debug|x64.ActiveCfg = Debug|x64
		{30FF98E0-EB47-4597-8D73-FF886CA0502E}.Debug|x64.Build.0 = Debug|x64
		{30FF98E0-EB47-4597-8D73-FF886CA0502E}.Debug|x86.ActiveCfg = Debug|Win32
		{30FF98E0-EB47-4597-8D73-FF886CA0502E}.Debug|x86.Build.0 = Debug|Win32
		{30FF98E0-EB47-4597-8D73-FF886CA0502E}.Release|x64.ActiveCfg = Release|x64
		{30FF98E0-EB47-4597-8D73-FF886CA0502E}.Release|x64.Build.0 = Release|x64
		{30FF98E0-EB47-4597-8D73-FF886CA0502E}.Release|x86.ActiveCfg = Release|Win32
		{30FF98E0-EB47-4597-8D73-FF886CA0502E}.Release|x86.Build.0 = Release|Win32
		{DA2A8A40-5946-4E40-A8D0-E54E1B8CE8C0}.Debug|x64.ActiveCfg = Debug|x64
		{DA2A8A40-5946-4E40-A8D0-E54E1B8CE8C0}.Debug|x64.Build.0 = Debug|x64
		{DA2A8A40-5946-4E40-A8D0-E54E1B8CE8C0}.Debug|x86.ActiveCfg = Debug|Win32
		{DA2A8A40-5946-4E40-A8D0-E54E1B8CE8C0}.Debug|x86.Build.0 = Debug|Win32
		{DA2A8A40-5946-4E40-A8D0-E54E1B8CE8C0}.Release|x64.ActiveCfg = Release|x64
		{DA2A8A40-5946-4E40-A8D0-E54E1B8CE8C0}.Release|x64.Build.0 = Release|x64
		{DA2A8A40-5946-4E40-A8D0-E54E1B8CE8C0}.Release|x86.ActiveCfg = Release|Win32
		{DA2A8A40-5946-4E40-A8D0-E54E1B8CE8C0}.Release|x86.Build.0 = Release|Win32
		{8F32ECD3-374C-43F6-8A21-8C6072500CBF}.Debug|x64.ActiveCfg = Debug|x64
		{8F32ECD3-374C-43F6-8A21-8C6072500CBF}.Debug|x64.Build.0 = Debug|x64
		{8F32ECD3-374C-43F6-8A21-8C6072500CBF}.Debug|x86.ActiveCfg = Debug|Win32
		{8F32ECD3-374C-43F6-8A21-8C6072500CBF}.Debug|x86.Build.0 = Debug|Win32
		{8F32ECD3-374C-43F6-8A21-8C6072500CBF}.Release|x64.ActiveCfg = Release|x64
		{8F32ECD3-374C-43F6-8A21-8C6072500CBF}.Release|x64.Build.0 = Release|x64
		{8F32ECD3-374C-43F6-8A21-8C6072500CBF}.Release|x86.ActiveCfg = Release|Win32
		{8F32ECD3-374C-43F6-8A21-8C6072500CBF}.Release|x86.Build.0 = Release|Win32
		{D0A187A5-B78F-44BA-AE87-3B916F1109E5}.Debug|x64.ActiveCfg = Debug|x64
		{D0A187A5-B78F-44BA-AE87-3B916F1109E5}.Debug|x64.Build.0 = Debug|x64
		{D0A187A5-B78F-44BA-AE87-3B916F1109E5}.Debug|x86.ActiveCfg = Debug|Win32
		{D0A187A5-B78F-44BA-AE87-3B916F1109E5}.Debug|x86.Build.0 = Debug|Win32
		{D0A187A5-B78F-44BA-AE87-3B916F1109E5}.Release|x64.ActiveCfg = Release|x64
		{D0A187A5-B78F-44BA-AE87-3B916F1109E5}.Release|x64.Build.0 = Release|x64
		{D0A187A5-B78F-44BA-AE87-3B916F1109E5}.Release|x86.ActiveCfg = Release|Win32
		{D0A187A5-B78F-44BA-AE87-3B916F1109E5}.Release|x86.Build.0 = Release|Win32
		{470AB21E-D368-4441-901C-993282978858}.Debug|x64.ActiveCfg = Debug|x64
		{470AB21E-D368-4441-901C-993282978858}.Debug|x64.Build.0 = Debug|x64
		{470AB21E-D368-4441-901C-993282978858}.Debug|x86.ActiveCfg = Debug|Win32
		{470AB21E-D368-4441-901C-993282978858}.Debug|x86.Build.0 = Debug|Win32
		{470AB21E-D368-4441-901C-993282978858}.Release|x64.ActiveCfg = Release|x64
		{470AB21E-D368-4441-901C-993282978858}.Release|x64.Build.0 = Release|x64
		{470AB21E-D368-4441-901C-993282978858}.Release|x86.ActiveCfg = Release|Win32
		{470AB21E-D368-4441-901C-993282978858}.Release|x86.Build.0 = Release|Win32
		{0C10BF52-4601-4AD7-862E-A0469FC86ACE}.Debug|x64.ActiveCfg = Debug|x64
		{0C10BF52-4601-4AD7-862E-A0469FC86ACE}.Debug|x64.Build.0 = Debug|x64
		{0C10BF52-4601-4AD7-862E-A0469FC86ACE}.Debug|x86.ActiveCfg = Debug|Win32
		{0C10BF52-4601-4AD7-862E-A0469FC86ACE}.Debug|x86.Build.0 = Debug|Win32
		{0C10BF52-4601-4AD7-862E-A0469FC86ACE}.Release|x64.ActiveCfg = Release|x64
		{0C10BF52-4601-4AD7-862E-A0469FC86ACE}.Release|x64.Build.0 = Release|x64
		{0C10BF52-4601-4AD7-862E-A0469FC86ACE}.Release|x86.ActiveCfg = Release|Win32
		{0C10BF52-4601-4AD7-862E-A0469FC86ACE}.Release|x86.Build.0 = Release|Win32
		{BAB10191-5A7C-45C3-BA3E-9B1F5E4F1E13}.Debug|x64.ActiveCfg = Debug|x64
		{BAB10191-5A7C-45C3-BA3E-9B1F5E4F1E13}.Debug|x64.Build.0 = Debug|x64
		{BAB10191-5A7C-45C3-BA3E-9B1F5E4F1E13}.Debug|x86.ActiveCfg = Debug|Win32
		{BAB10191-5A7C-45C3-BA3E-9B1F5E4F1E13}.Debug|x86.Build.0 = Debug|Win32
		{BAB10191-5A7C-45C3-BA3E-9B1F5E4F1E13}.Release|x64.ActiveCfg = Release|x64
		{BAB10191-5A7C-45C3-BA3E-9B1F5E4F1E13}.Release|x64.Build.0 = Release|x64
		{BAB10191-5A7C-45C3-BA3E-9B1F5E4F1E13}.Release|x86.ActiveCfg = Release|Win32
		{BAB10191-5A7C-45C3-BA3E-9B1F5E4F1E13}.Release|x86.Build.0 = Release|Win32
		{05CCCF0C-EF3C-4CBB-9750-1F6A3DDBE1F8}.Debug|x64.ActiveCfg = Debug|x64
		{05CCCF0C-EF3C-4CBB-9750-1F6A3DDBE1F8}.Debug|x64.Build.0 = Debug|x64
		{05CCCF0C-EF3C-4CBB-9750-1F6A3DDBE1F8}.Debug|x86.ActiveCfg = Debug|Win32
		{05CCCF0C-EF3C-4CBB-9750-1F6A3DDBE1F8}.Debug|x86.Build.0 = Debug|Win32
		{05CCCF0C-EF3C-4CBB-9750-1F6A3DDBE1F8}.Release|x64.ActiveCfg = Release|x64
		{05CCCF0C-EF3C-4CBB-9750-1F6A3DDBE1F8}.Release|x64.Build.0 = Release|x64
		{05CCCF0C-EF3C-4CBB-9750-1F6A3DDBE1F8}.Release|x86.ActiveCfg = Release|Win32
		{05CCCF0C-EF3C-4CBB-9750-1F6A3DDBE1F8}.Release|x86.Build.0 = Release|Win32
		{A6FE746C-9177-4E86-B162-E7275487F1D6}.Debug|x64.ActiveCfg = Debug|x64
		{A6FE746C-9177-4E86-B162-E7275487F1D6}.Debug|x64.Build.0 = Debug|x64
		{A6FE746C-9177-4E86-B162-E7275487F1D6}.Debug|x86.ActiveCfg = Debug|Win32
		{A6FE746C-9177-4E86-B162-E7275487F1D6}.Debug|x86.Build.0 = Debug|Win32
		{A6FE746C-9177-4E86-B162-E7275487F1D6}.Release|x64.ActiveCfg = Release|x64
		{A6FE746C-9177-4E86-B162-E7275487F1D6}.Release|x64.Build.0 = Release|x64
		{A6FE746C-9177-4E86-B162-E7275487F1D6}.Release|x86.ActiveCfg = Release|Win32
		{A6FE746C-9177-4E86-B162-E7275487F1D6}.Release|x86.Build.0 = Release|Win32
		{A1BE5B79-080B-40F6-87CA-88BB78C5B794}.Debug|x64.ActiveCfg = Debug|x64
		{A1BE5B79-080B-40F6-87CA-88BB78C5B794}.Debug|x64.Build.0 = Debug|x64
		{A1BE5B79-080B-40F6-87CA-88BB78C5B794}.Debug|x86.ActiveCfg = Debug|Win32
		{A1BE5B79-080B-40F6-87CA-88BB78C5B794}.Debug|x86.Build.0 = Debug|Win32
		{A1BE5B79-080B-40F6-87CA-88BB78C5B794}.Release|x64.ActiveCfg = Release|x64
		{A1BE5B79-080B-40F6-87CA-88BB78C5B794}.Release|x64.Build.0 = Release|x64
		{A1BE5B79-080B-40F6-87CA-88BB78C5B794}.Release|x86.ActiveCfg = Release|Win32
		{A1BE5B79-080B-40F6-87CA-88BB78C5B794}.Release|x86.Build.0 = Release|Win32
		{30608E73-1786-40E1-9E83-6EF18FBACED9}.Debug|x64.ActiveCfg = Debug|x64
		{30608E73-1786-40E1-9E83-6EF18FBACED9}.Debug|x64.Build.0 = Debug|x64
		{30608E73-1786-40E1-9E83-6EF18FBACED9}.Debug|x86.ActiveCfg = Debug|Win32
		{30608E73-1786-40E1-9E83-6EF18FBACED9}.Debug|x86.Build.0 = Debug|Win32
		{30608E73-1786-40E1-9E83-6EF18FBACED9}.Release|x64.ActiveCfg = Release|x64
		{30608E73-1786-40E1-9E83-6EF18FBACED9}.Release|x64.Build.0 = Release|x64
		{30608E73-1786-40E1-9E83-6EF18FBACED9}.Release|x86.ActiveCfg = Release|Win32
		{30608E73-1786-40E1-9E83-6EF18FBACED9}.Release|x86.Build.0 = Release|Win32
	EndGlobalSection
	GlobalSection(SolutionProperties) = preSolution
		HideSolutionNode = FALSE
	EndGlobalSection
	GlobalSection(ExtensibilityGlobals) = postSolution
		SolutionGuid = {E3AA5A10-E832-490D-ABF6-E731FD57539A}
	EndGlobalSection
EndGlobal
