
Microsoft Visual Studio Solution File, Format Version 12.00
# Visual Studio Version 16
VisualStudioVersion = 16.0.30517.126
MinimumVisualStudioVersion = 10.0.40219.1
Project("{8BC9CEB8-8B4A-11D0-8D11-00A0C91BC942}") = "Lab_2_if_for", "Lab_2_if_for\Lab_2_if_for.vcxproj", "{6B3BAA53-E8DB-4B8E-929A-D981761AF6A9}"
EndProject
Project("{8BC9CEB8-8B4A-11D0-8D11-00A0C91BC942}") = "Lab_1_DataTypes", "Lab_1_DataTypes\Lab_1_DataTypes.vcxproj", "{ADE8942A-CCBD-438F-8A07-56DA10C3153C}"
EndProject
Project("{8BC9CEB8-8B4A-11D0-8D11-00A0C91BC942}") = "Lab_3.1_Arrays", "Lab_3_Arrays\Lab_3_Arrays.vcxproj", "{DEC80090-967E-4F66-AD98-F9C84780470A}"
EndProject
Project("{8BC9CEB8-8B4A-11D0-8D11-00A0C91BC942}") = "Lab_3.2_Arrays", "Lab_3.2_Arrays\Lab_3.2_Arrays.vcxproj", "{A07E9519-5BC3-4E16-B6D1-ACF64C0EB298}"
EndProject
Project("{8BC9CEB8-8B4A-11D0-8D11-00A0C91BC942}") = "Lab_4.1_String", "Lab_4.1_String\Lab_4.1_String.vcxproj", "{89AB9085-B958-4DB8-AACC-7DDF4DB2A8E4}"
EndProject
Global
	GlobalSection(SolutionConfigurationPlatforms) = preSolution
		Debug|x64 = Debug|x64
		Debug|x86 = Debug|x86
		Release|x64 = Release|x64
		Release|x86 = Release|x86
	EndGlobalSection
	GlobalSection(ProjectConfigurationPlatforms) = postSolution
		{6B3BAA53-E8DB-4B8E-929A-D981761AF6A9}.Debug|x64.ActiveCfg = Debug|x64
		{6B3BAA53-E8DB-4B8E-929A-D981761AF6A9}.Debug|x64.Build.0 = Debug|x64
		{6B3BAA53-E8DB-4B8E-929A-D981761AF6A9}.Debug|x86.ActiveCfg = Debug|Win32
		{6B3BAA53-E8DB-4B8E-929A-D981761AF6A9}.Debug|x86.Build.0 = Debug|Win32
		{6B3BAA53-E8DB-4B8E-929A-D981761AF6A9}.Release|x64.ActiveCfg = Release|x64
		{6B3BAA53-E8DB-4B8E-929A-D981761AF6A9}.Release|x64.Build.0 = Release|x64
		{6B3BAA53-E8DB-4B8E-929A-D981761AF6A9}.Release|x86.ActiveCfg = Release|Win32
		{6B3BAA53-E8DB-4B8E-929A-D981761AF6A9}.Release|x86.Build.0 = Release|Win32
		{ADE8942A-CCBD-438F-8A07-56DA10C3153C}.Debug|x64.ActiveCfg = Debug|x64
		{ADE8942A-CCBD-438F-8A07-56DA10C3153C}.Debug|x64.Build.0 = Debug|x64
		{ADE8942A-CCBD-438F-8A07-56DA10C3153C}.Debug|x86.ActiveCfg = Debug|Win32
		{ADE8942A-CCBD-438F-8A07-56DA10C3153C}.Debug|x86.Build.0 = Debug|Win32
		{ADE8942A-CCBD-438F-8A07-56DA10C3153C}.Release|x64.ActiveCfg = Release|x64
		{ADE8942A-CCBD-438F-8A07-56DA10C3153C}.Release|x64.Build.0 = Release|x64
		{ADE8942A-CCBD-438F-8A07-56DA10C3153C}.Release|x86.ActiveCfg = Release|Win32
		{ADE8942A-CCBD-438F-8A07-56DA10C3153C}.Release|x86.Build.0 = Release|Win32
		{DEC80090-967E-4F66-AD98-F9C84780470A}.Debug|x64.ActiveCfg = Debug|x64
		{DEC80090-967E-4F66-AD98-F9C84780470A}.Debug|x64.Build.0 = Debug|x64
		{DEC80090-967E-4F66-AD98-F9C84780470A}.Debug|x86.ActiveCfg = Debug|Win32
		{DEC80090-967E-4F66-AD98-F9C84780470A}.Debug|x86.Build.0 = Debug|Win32
		{DEC80090-967E-4F66-AD98-F9C84780470A}.Release|x64.ActiveCfg = Release|x64
		{DEC80090-967E-4F66-AD98-F9C84780470A}.Release|x64.Build.0 = Release|x64
		{DEC80090-967E-4F66-AD98-F9C84780470A}.Release|x86.ActiveCfg = Release|Win32
		{DEC80090-967E-4F66-AD98-F9C84780470A}.Release|x86.Build.0 = Release|Win32
		{A07E9519-5BC3-4E16-B6D1-ACF64C0EB298}.Debug|x64.ActiveCfg = Debug|x64
		{A07E9519-5BC3-4E16-B6D1-ACF64C0EB298}.Debug|x64.Build.0 = Debug|x64
		{A07E9519-5BC3-4E16-B6D1-ACF64C0EB298}.Debug|x86.ActiveCfg = Debug|Win32
		{A07E9519-5BC3-4E16-B6D1-ACF64C0EB298}.Debug|x86.Build.0 = Debug|Win32
		{A07E9519-5BC3-4E16-B6D1-ACF64C0EB298}.Release|x64.ActiveCfg = Release|x64
		{A07E9519-5BC3-4E16-B6D1-ACF64C0EB298}.Release|x64.Build.0 = Release|x64
		{A07E9519-5BC3-4E16-B6D1-ACF64C0EB298}.Release|x86.ActiveCfg = Release|Win32
		{A07E9519-5BC3-4E16-B6D1-ACF64C0EB298}.Release|x86.Build.0 = Release|Win32
		{89AB9085-B958-4DB8-AACC-7DDF4DB2A8E4}.Debug|x64.ActiveCfg = Debug|x64
		{89AB9085-B958-4DB8-AACC-7DDF4DB2A8E4}.Debug|x64.Build.0 = Debug|x64
		{89AB9085-B958-4DB8-AACC-7DDF4DB2A8E4}.Debug|x86.ActiveCfg = Debug|Win32
		{89AB9085-B958-4DB8-AACC-7DDF4DB2A8E4}.Debug|x86.Build.0 = Debug|Win32
		{89AB9085-B958-4DB8-AACC-7DDF4DB2A8E4}.Release|x64.ActiveCfg = Release|x64
		{89AB9085-B958-4DB8-AACC-7DDF4DB2A8E4}.Release|x64.Build.0 = Release|x64
		{89AB9085-B958-4DB8-AACC-7DDF4DB2A8E4}.Release|x86.ActiveCfg = Release|Win32
		{89AB9085-B958-4DB8-AACC-7DDF4DB2A8E4}.Release|x86.Build.0 = Release|Win32
	EndGlobalSection
	GlobalSection(SolutionProperties) = preSolution
		HideSolutionNode = FALSE
	EndGlobalSection
	GlobalSection(ExtensibilityGlobals) = postSolution
		SolutionGuid = {E3AA5A10-E832-490D-ABF6-E731FD57539A}
	EndGlobalSection
EndGlobal
